
Microsoft Visual Studio Solution File, Format Version 12.00
# Visual Studio Version 17
VisualStudioVersion = 17.14.36109.1 d17.14
MinimumVisualStudioVersion = 10.0.40219.1
Project("{FAE04EC0-301F-11D3-BF4B-00C04F79EFBC}") = "Lab1", "Lab1\Lab1.csproj", "{32C47D24-5515-4BB4-BE2E-5D2478D39980}"
EndProject
Project("{FAE04EC0-301F-11D3-BF4B-00C04F79EFBC}") = "Lab2", "Lab2\Lab2.csproj", "{79841184-B32C-44C4-9B61-D0D489AA6C62}"
EndProject
Project("{FAE04EC0-301F-11D3-BF4B-00C04F79EFBC}") = "Lab3", "Lab3\Lab3.csproj", "{592908F7-E3AC-4ED6-A8C2-94E0A281A699}"
EndProject
Global
	GlobalSection(SolutionConfigurationPlatforms) = preSolution
		Debug|Any CPU = Debug|Any CPU
		Release|Any CPU = Release|Any CPU
	EndGlobalSection
	GlobalSection(ProjectConfigurationPlatforms) = postSolution
		{32C47D24-5515-4BB4-BE2E-5D2478D39980}.Debug|Any CPU.ActiveCfg = Debug|Any CPU
		{32C47D24-5515-4BB4-BE2E-5D2478D39980}.Debug|Any CPU.Build.0 = Debug|Any CPU
		{32C47D24-5515-4BB4-BE2E-5D2478D39980}.Release|Any CPU.ActiveCfg = Release|Any CPU
		{32C47D24-5515-4BB4-BE2E-5D2478D39980}.Release|Any CPU.Build.0 = Release|Any CPU
		{79841184-B32C-44C4-9B61-D0D489AA6C62}.Debug|Any CPU.ActiveCfg = Debug|Any CPU
		{79841184-B32C-44C4-9B61-D0D489AA6C62}.Debug|Any CPU.Build.0 = Debug|Any CPU
		{79841184-B32C-44C4-9B61-D0D489AA6C62}.Release|Any CPU.ActiveCfg = Release|Any CPU
		{79841184-B32C-44C4-9B61-D0D489AA6C62}.Release|Any CPU.Build.0 = Release|Any CPU
		{592908F7-E3AC-4ED6-A8C2-94E0A281A699}.Debug|Any CPU.ActiveCfg = Debug|Any CPU
		{592908F7-E3AC-4ED6-A8C2-94E0A281A699}.Debug|Any CPU.Build.0 = Debug|Any CPU
		{592908F7-E3AC-4ED6-A8C2-94E0A281A699}.Release|Any CPU.ActiveCfg = Release|Any CPU
		{592908F7-E3AC-4ED6-A8C2-94E0A281A699}.Release|Any CPU.Build.0 = Release|Any CPU
	EndGlobalSection
	GlobalSection(SolutionProperties) = preSolution
		HideSolutionNode = FALSE
	EndGlobalSection
	GlobalSection(ExtensibilityGlobals) = postSolution
		SolutionGuid = {352248EF-D1FA-4C55-83D9-4DEF27681863}
	EndGlobalSection
EndGlobal
