
Microsoft Visual Studio Solution File, Format Version 12.00
# Visual Studio Version 17
VisualStudioVersion = 17.14.36109.1 d17.14
MinimumVisualStudioVersion = 10.0.40219.1
Project("{FAE04EC0-301F-11D3-BF4B-00C04F79EFBC}") = "LB1", "LB1\LB1.csproj", "{77DD6D52-F58F-4904-9B11-73C7CDB0EDA6}"
EndProject
Project("{FAE04EC0-301F-11D3-BF4B-00C04F79EFBC}") = "LB2", "LB2\LB2.csproj", "{E48BD585-E8A0-4AD9-8150-A23CCE155641}"
EndProject
Project("{FAE04EC0-301F-11D3-BF4B-00C04F79EFBC}") = "LB3", "LB3\LB3.csproj", "{7D9AA88A-5AAF-4146-BC4A-F54F3E901656}"
EndProject
Project("{FAE04EC0-301F-11D3-BF4B-00C04F79EFBC}") = "LB4", "LB4\LB4.csproj", "{EE9C5BE3-CB43-4384-A220-4CA32FF6235D}"
EndProject
Global
	GlobalSection(SolutionConfigurationPlatforms) = preSolution
		Debug|Any CPU = Debug|Any CPU
		Release|Any CPU = Release|Any CPU
	EndGlobalSection
	GlobalSection(ProjectConfigurationPlatforms) = postSolution
		{77DD6D52-F58F-4904-9B11-73C7CDB0EDA6}.Debug|Any CPU.ActiveCfg = Debug|Any CPU
		{77DD6D52-F58F-4904-9B11-73C7CDB0EDA6}.Debug|Any CPU.Build.0 = Debug|Any CPU
		{77DD6D52-F58F-4904-9B11-73C7CDB0EDA6}.Release|Any CPU.ActiveCfg = Release|Any CPU
		{77DD6D52-F58F-4904-9B11-73C7CDB0EDA6}.Release|Any CPU.Build.0 = Release|Any CPU
		{E48BD585-E8A0-4AD9-8150-A23CCE155641}.Debug|Any CPU.ActiveCfg = Debug|Any CPU
		{E48BD585-E8A0-4AD9-8150-A23CCE155641}.Debug|Any CPU.Build.0 = Debug|Any CPU
		{E48BD585-E8A0-4AD9-8150-A23CCE155641}.Release|Any CPU.ActiveCfg = Release|Any CPU
		{E48BD585-E8A0-4AD9-8150-A23CCE155641}.Release|Any CPU.Build.0 = Release|Any CPU
		{7D9AA88A-5AAF-4146-BC4A-F54F3E901656}.Debug|Any CPU.ActiveCfg = Debug|Any CPU
		{7D9AA88A-5AAF-4146-BC4A-F54F3E901656}.Debug|Any CPU.Build.0 = Debug|Any CPU
		{7D9AA88A-5AAF-4146-BC4A-F54F3E901656}.Release|Any CPU.ActiveCfg = Release|Any CPU
		{7D9AA88A-5AAF-4146-BC4A-F54F3E901656}.Release|Any CPU.Build.0 = Release|Any CPU
		{EE9C5BE3-CB43-4384-A220-4CA32FF6235D}.Debug|Any CPU.ActiveCfg = Debug|Any CPU
		{EE9C5BE3-CB43-4384-A220-4CA32FF6235D}.Debug|Any CPU.Build.0 = Debug|Any CPU
		{EE9C5BE3-CB43-4384-A220-4CA32FF6235D}.Release|Any CPU.ActiveCfg = Release|Any CPU
		{EE9C5BE3-CB43-4384-A220-4CA32FF6235D}.Release|Any CPU.Build.0 = Release|Any CPU
	EndGlobalSection
	GlobalSection(SolutionProperties) = preSolution
		HideSolutionNode = FALSE
	EndGlobalSection
	GlobalSection(ExtensibilityGlobals) = postSolution
		SolutionGuid = {C79DC3BF-7EFB-47AF-BE72-5D958E2E18C9}
	EndGlobalSection
EndGlobal
