
Microsoft Visual Studio Solution File, Format Version 12.00
# Visual Studio Version 17
VisualStudioVersion = 17.14.36109.1 d17.14
MinimumVisualStudioVersion = 10.0.40219.1
Project("{FAE04EC0-301F-11D3-BF4B-00C04F79EFBC}") = "InventoryItemCRUD", "InventoryItemCRUD.csproj", "{526A3091-D82F-43B4-A9D7-91A8F2843093}"
EndProject
Global
	GlobalSection(SolutionConfigurationPlatforms) = preSolution
		Debug|Any CPU = Debug|Any CPU
		Release|Any CPU = Release|Any CPU
	EndGlobalSection
	GlobalSection(ProjectConfigurationPlatforms) = postSolution
		{526A3091-D82F-43B4-A9D7-91A8F2843093}.Debug|Any CPU.ActiveCfg = Debug|Any CPU
		{526A3091-D82F-43B4-A9D7-91A8F2843093}.Debug|Any CPU.Build.0 = Debug|Any CPU
		{526A3091-D82F-43B4-A9D7-91A8F2843093}.Release|Any CPU.ActiveCfg = Release|Any CPU
		{526A3091-D82F-43B4-A9D7-91A8F2843093}.Release|Any CPU.Build.0 = Release|Any CPU
	EndGlobalSection
	GlobalSection(SolutionProperties) = preSolution
		HideSolutionNode = FALSE
	EndGlobalSection
	GlobalSection(ExtensibilityGlobals) = postSolution
		SolutionGuid = {E55B7AE5-CB11-44F6-B2A5-D21460EF1033}
	EndGlobalSection
EndGlobal
