
Microsoft Visual Studio Solution File, Format Version 12.00
# Visual Studio Version 17
VisualStudioVersion = 17.14.36109.1 d17.14
MinimumVisualStudioVersion = 10.0.40219.1
Project("{FAE04EC0-301F-11D3-BF4B-00C04F79EFBC}") = "Project 1", "Project 1\Project 1.csproj", "{9B6CD65D-8604-4A0F-9DC6-94737F9949C2}"
EndProject
Project("{FAE04EC0-301F-11D3-BF4B-00C04F79EFBC}") = "Project 2", "Project 2\Project 2.csproj", "{D84632A1-2EBE-4764-AD06-67383A700EE9}"
EndProject
Global
	GlobalSection(SolutionConfigurationPlatforms) = preSolution
		Debug|Any CPU = Debug|Any CPU
		Release|Any CPU = Release|Any CPU
	EndGlobalSection
	GlobalSection(ProjectConfigurationPlatforms) = postSolution
		{9B6CD65D-8604-4A0F-9DC6-94737F9949C2}.Debug|Any CPU.ActiveCfg = Debug|Any CPU
		{9B6CD65D-8604-4A0F-9DC6-94737F9949C2}.Debug|Any CPU.Build.0 = Debug|Any CPU
		{9B6CD65D-8604-4A0F-9DC6-94737F9949C2}.Release|Any CPU.ActiveCfg = Release|Any CPU
		{9B6CD65D-8604-4A0F-9DC6-94737F9949C2}.Release|Any CPU.Build.0 = Release|Any CPU
		{D84632A1-2EBE-4764-AD06-67383A700EE9}.Debug|Any CPU.ActiveCfg = Debug|Any CPU
		{D84632A1-2EBE-4764-AD06-67383A700EE9}.Debug|Any CPU.Build.0 = Debug|Any CPU
		{D84632A1-2EBE-4764-AD06-67383A700EE9}.Release|Any CPU.ActiveCfg = Release|Any CPU
		{D84632A1-2EBE-4764-AD06-67383A700EE9}.Release|Any CPU.Build.0 = Release|Any CPU
	EndGlobalSection
	GlobalSection(SolutionProperties) = preSolution
		HideSolutionNode = FALSE
	EndGlobalSection
	GlobalSection(ExtensibilityGlobals) = postSolution
		SolutionGuid = {F75C666B-BE78-4011-B358-A8366843F3D1}
	EndGlobalSection
EndGlobal
