
Microsoft Visual Studio Solution File, Format Version 12.00
# Visual Studio Version 17
VisualStudioVersion = 17.14.36109.1 d17.14
MinimumVisualStudioVersion = 10.0.40219.1
Project("{FAE04EC0-301F-11D3-BF4B-00C04F79EFBC}") = "FactorialAndIncome", "FactorialAndIncome\FactorialAndIncome.csproj", "{8E2563F0-133A-4DBE-A51E-230D879F7C9D}"
EndProject
Global
	GlobalSection(SolutionConfigurationPlatforms) = preSolution
		Debug|Any CPU = Debug|Any CPU
		Release|Any CPU = Release|Any CPU
	EndGlobalSection
	GlobalSection(ProjectConfigurationPlatforms) = postSolution
		{8E2563F0-133A-4DBE-A51E-230D879F7C9D}.Debug|Any CPU.ActiveCfg = Debug|Any CPU
		{8E2563F0-133A-4DBE-A51E-230D879F7C9D}.Debug|Any CPU.Build.0 = Debug|Any CPU
		{8E2563F0-133A-4DBE-A51E-230D879F7C9D}.Release|Any CPU.ActiveCfg = Release|Any CPU
		{8E2563F0-133A-4DBE-A51E-230D879F7C9D}.Release|Any CPU.Build.0 = Release|Any CPU
	EndGlobalSection
	GlobalSection(SolutionProperties) = preSolution
		HideSolutionNode = FALSE
	EndGlobalSection
	GlobalSection(ExtensibilityGlobals) = postSolution
		SolutionGuid = {61D15590-074D-4467-AA01-E0B27854BA44}
	EndGlobalSection
EndGlobal
