
Microsoft Visual Studio Solution File, Format Version 12.00
# Visual Studio Version 17
VisualStudioVersion = 17.14.36109.1 d17.14
MinimumVisualStudioVersion = 10.0.40219.1
Project("{FAE04EC0-301F-11D3-BF4B-00C04F79EFBC}") = "TestScoresCalculator", "TestScoresCalculator\TestScoresCalculator.csproj", "{257A20F5-45A0-4725-85EC-A379C2305F42}"
EndProject
Global
	GlobalSection(SolutionConfigurationPlatforms) = preSolution
		Debug|Any CPU = Debug|Any CPU
		Release|Any CPU = Release|Any CPU
	EndGlobalSection
	GlobalSection(ProjectConfigurationPlatforms) = postSolution
		{257A20F5-45A0-4725-85EC-A379C2305F42}.Debug|Any CPU.ActiveCfg = Debug|Any CPU
		{257A20F5-45A0-4725-85EC-A379C2305F42}.Debug|Any CPU.Build.0 = Debug|Any CPU
		{257A20F5-45A0-4725-85EC-A379C2305F42}.Release|Any CPU.ActiveCfg = Release|Any CPU
		{257A20F5-45A0-4725-85EC-A379C2305F42}.Release|Any CPU.Build.0 = Release|Any CPU
	EndGlobalSection
	GlobalSection(SolutionProperties) = preSolution
		HideSolutionNode = FALSE
	EndGlobalSection
	GlobalSection(ExtensibilityGlobals) = postSolution
		SolutionGuid = {1F1F73CF-908C-4BFE-BB84-96FC9923E99A}
	EndGlobalSection
EndGlobal
