
Microsoft Visual Studio Solution File, Format Version 12.00
# Visual Studio Version 17
VisualStudioVersion = 17.14.36109.1 d17.14
MinimumVisualStudioVersion = 10.0.40219.1
Project("{FAE04EC0-301F-11D3-BF4B-00C04F79EFBC}") = "Part2", "Part2\Part2.csproj", "{15C5F9E6-3C30-4AC2-9981-CB7864623CE9}"
EndProject
Project("{FAE04EC0-301F-11D3-BF4B-00C04F79EFBC}") = "EX2", "EX2\EX2.csproj", "{3BAF1792-D82D-4263-96BE-D82DB768CA59}"
EndProject
Global
	GlobalSection(SolutionConfigurationPlatforms) = preSolution
		Debug|Any CPU = Debug|Any CPU
		Release|Any CPU = Release|Any CPU
	EndGlobalSection
	GlobalSection(ProjectConfigurationPlatforms) = postSolution
		{15C5F9E6-3C30-4AC2-9981-CB7864623CE9}.Debug|Any CPU.ActiveCfg = Debug|Any CPU
		{15C5F9E6-3C30-4AC2-9981-CB7864623CE9}.Debug|Any CPU.Build.0 = Debug|Any CPU
		{15C5F9E6-3C30-4AC2-9981-CB7864623CE9}.Release|Any CPU.ActiveCfg = Release|Any CPU
		{15C5F9E6-3C30-4AC2-9981-CB7864623CE9}.Release|Any CPU.Build.0 = Release|Any CPU
		{3BAF1792-D82D-4263-96BE-D82DB768CA59}.Debug|Any CPU.ActiveCfg = Debug|Any CPU
		{3BAF1792-D82D-4263-96BE-D82DB768CA59}.Debug|Any CPU.Build.0 = Debug|Any CPU
		{3BAF1792-D82D-4263-96BE-D82DB768CA59}.Release|Any CPU.ActiveCfg = Release|Any CPU
		{3BAF1792-D82D-4263-96BE-D82DB768CA59}.Release|Any CPU.Build.0 = Release|Any CPU
	EndGlobalSection
	GlobalSection(SolutionProperties) = preSolution
		HideSolutionNode = FALSE
	EndGlobalSection
	GlobalSection(ExtensibilityGlobals) = postSolution
		SolutionGuid = {5AEAA617-EEDF-46FD-925C-C9EEA08F89F9}
	EndGlobalSection
EndGlobal
